# THIS IS AN AUTOGENERATED FILE. DO NOT EDIT THIS FILE DIRECTLY.
# yarn lockfile v1


"@arco-themes/react-refly-ai@^0.0.1":
  version "0.0.1"
  resolved "https://registry.npmmirror.com/@arco-themes/react-refly-ai/-/react-refly-ai-0.0.1.tgz#0fca5457e2ed5d8a44b8ea2e3dae1a6e473835b3"
  integrity sha512-xEFz0jQOL1K4EwLMARhc3sqdxCMDq5N4spF7ccTpSoMFqr0Rup/czhHofrU7Mf1iXcRLikX0r5HtbjGc1To/LA==
